<?xml version="1.0" encoding="utf-8"?>
<Project ToolsVersion="4.0" xmlns="http://schemas.microsoft.com/developer/msbuild/2003">
  <ItemGroup>
    <Filter Include="Source Files">
      <UniqueIdentifier>{392f464a-0fe0-449c-8345-36e74326a763}</UniqueIdentifier>
      <Extensions>cpp;c;cxx;def;odl;idl;hpj;bat;asm</Extensions>
    </Filter>
    <Filter Include="Header Files">
      <UniqueIdentifier>{4a8cbedc-3caa-4b29-9335-14108c09e7ad}</UniqueIdentifier>
      <Extensions>h;hpp;hxx;hm;inl;inc</Extensions>
    </Filter>
    <Filter Include="Resource Files">
      <UniqueIdentifier>{94e3cc7a-2c5e-4547-8309-e522bdb63c1b}</UniqueIdentifier>
      <Extensions>rc;ico;cur;bmp;dlg;rc2;rct;bin;rgs;jpg;jpeg;jpe;manifest</Extensions>
    </Filter>
    <Filter Include="Resource Files\Icons">
      <UniqueIdentifier>{1ac7030c-12c3-419e-b12e-6e65a1a97b3a}</UniqueIdentifier>
    </Filter>
    <Filter Include="Views">
      <UniqueIdentifier>{53de5ee2-490f-4142-af7f-87292c581520}</UniqueIdentifier>
    </Filter>
    <Filter Include="HexControl">
      <UniqueIdentifier>{8f0c089b-495b-4968-b122-f066cf2385ee}</UniqueIdentifier>
    </Filter>
    <Filter Include="Structures">
      <UniqueIdentifier>{68de5792-c44b-44f0-b112-2f15d3c67a03}</UniqueIdentifier>
    </Filter>
  </ItemGroup>
  <ItemGroup>
    <ClCompile Include="PEExplorerV2.cpp">
      <Filter>Source Files</Filter>
    </ClCompile>
    <ClCompile Include="MainFrm.cpp">
      <Filter>Source Files</Filter>
    </ClCompile>
    <ClCompile Include="AboutDlg.cpp">
      <Filter>Source Files</Filter>
    </ClCompile>
    <ClCompile Include="pch.cpp">
      <Filter>Source Files</Filter>
    </ClCompile>
    <ClCompile Include="GenericListView.cpp">
      <Filter>Source Files</Filter>
    </ClCompile>
    <ClCompile Include="PEStrings.cpp">
      <Filter>Source Files</Filter>
    </ClCompile>
    <ClCompile Include="SortHelper.cpp">
      <Filter>Source Files</Filter>
    </ClCompile>
    <ClCompile Include="SummaryView.cpp">
      <Filter>Views</Filter>
    </ClCompile>
    <ClCompile Include="ExportsView.cpp">
      <Filter>Views</Filter>
    </ClCompile>
    <ClCompile Include="SectionsView.cpp">
      <Filter>Views</Filter>
    </ClCompile>
    <ClCompile Include="ImportsView.cpp">
      <Filter>Views</Filter>
    </ClCompile>
    <ClCompile Include="ImportsFrameView.cpp">
      <Filter>Views</Filter>
    </ClCompile>
    <ClCompile Include="ImportsFunctionsView.cpp">
      <Filter>Views</Filter>
    </ClCompile>
    <ClCompile Include="ResourcesView.cpp">
      <Filter>Views</Filter>
    </ClCompile>
    <ClCompile Include="DataDirectoriesView.cpp">
      <Filter>Views</Filter>
    </ClCompile>
    <ClCompile Include="StructureView.cpp">
      <Filter>Views</Filter>
    </ClCompile>
    <ClCompile Include="ResourcesFrameView.cpp">
      <Filter>Views</Filter>
    </ClCompile>
    <ClCompile Include="ImageDosHeaderStruct.cpp">
      <Filter>Structures</Filter>
    </ClCompile>
    <ClCompile Include="ImageFileHeaderStruct.cpp">
      <Filter>Structures</Filter>
    </ClCompile>
    <ClCompile Include="ImageOptionalHeaderStruct.cpp">
      <Filter>Structures</Filter>
    </ClCompile>
    <ClCompile Include="ClipboardHelper.cpp">
      <Filter>Source Files</Filter>
    </ClCompile>
    <ClCompile Include="AssemblyView.cpp">
      <Filter>Views</Filter>
    </ClCompile>
    <ClCompile Include="HexView.cpp">
      <Filter>Views</Filter>
    </ClCompile>
    <ClCompile Include="ManagedTypesView.cpp">
      <Filter>Views</Filter>
    </ClCompile>
  </ItemGroup>
  <ItemGroup>
    <ClInclude Include="MainFrm.h">
      <Filter>Header Files</Filter>
    </ClInclude>
    <ClInclude Include="AboutDlg.h">
      <Filter>Header Files</Filter>
    </ClInclude>
    <ClInclude Include="resource.h">
      <Filter>Header Files</Filter>
    </ClInclude>
    <ClInclude Include="pch.h">
      <Filter>Header Files</Filter>
    </ClInclude>
    <ClInclude Include="GenericListView.h">
      <Filter>Header Files</Filter>
    </ClInclude>
    <ClInclude Include="VirtualListView.h">
      <Filter>Header Files</Filter>
    </ClInclude>
    <ClInclude Include="PEStrings.h">
      <Filter>Header Files</Filter>
    </ClInclude>
    <ClInclude Include="SortHelper.h">
      <Filter>Header Files</Filter>
    </ClInclude>
    <ClInclude Include="SummaryView.h">
      <Filter>Views</Filter>
    </ClInclude>
    <ClInclude Include="ExportsView.h">
      <Filter>Views</Filter>
    </ClInclude>
    <ClInclude Include="SectionsView.h">
      <Filter>Views</Filter>
    </ClInclude>
    <ClInclude Include="ImportsView.h">
      <Filter>Views</Filter>
    </ClInclude>
    <ClInclude Include="ImportsFrameView.h">
      <Filter>Views</Filter>
    </ClInclude>
    <ClInclude Include="ImportsFunctionsView.h">
      <Filter>Views</Filter>
    </ClInclude>
    <ClInclude Include="ResourcesView.h">
      <Filter>Views</Filter>
    </ClInclude>
    <ClInclude Include="DataDirectoriesView.h">
      <Filter>Views</Filter>
    </ClInclude>
    <ClInclude Include="StructureView.h">
      <Filter>Views</Filter>
    </ClInclude>
    <ClInclude Include="ResourcesFrameView.h">
      <Filter>Header Files</Filter>
    </ClInclude>
    <ClInclude Include="IMainFrame.h">
      <Filter>Header Files</Filter>
    </ClInclude>
    <ClInclude Include="HexControl\EditCommandBase.h">
      <Filter>HexControl</Filter>
    </ClInclude>
    <ClInclude Include="HexControl\HexControl.h">
      <Filter>HexControl</Filter>
    </ClInclude>
    <ClInclude Include="HexControl\IHexControl.h">
      <Filter>HexControl</Filter>
    </ClInclude>
    <ClInclude Include="HexControl\InMemoryBuffer.h">
      <Filter>HexControl</Filter>
    </ClInclude>
    <ClInclude Include="ImageDosHeaderStruct.h">
      <Filter>Structures</Filter>
    </ClInclude>
    <ClInclude Include="ImageFileHeaderStruct.h">
      <Filter>Structures</Filter>
    </ClInclude>
    <ClInclude Include="ImageOptionalHeaderStruct.h">
      <Filter>Structures</Filter>
    </ClInclude>
    <ClInclude Include="ClipboardHelper.h">
      <Filter>Header Files</Filter>
    </ClInclude>
    <ClInclude Include="AssemblyView.h">
      <Filter>Views</Filter>
    </ClInclude>
    <ClInclude Include="HexView.h">
      <Filter>Views</Filter>
    </ClInclude>
    <ClInclude Include="ManagedTypesView.h">
      <Filter>Views</Filter>
    </ClInclude>
  </ItemGroup>
  <ItemGroup>
    <ResourceCompile Include="PEExplorerV2.rc">
      <Filter>Resource Files</Filter>
    </ResourceCompile>
  </ItemGroup>
  <ItemGroup>
    <Image Include="res\PEExplorerV2.ico">
      <Filter>Resource Files\Icons</Filter>
    </Image>
    <Image Include="res\close.ico">
      <Filter>Resource Files\Icons</Filter>
    </Image>
    <Image Include="res\copy.ico">
      <Filter>Resource Files\Icons</Filter>
    </Image>
    <Image Include="res\database-export.ico">
      <Filter>Resource Files\Icons</Filter>
    </Image>
    <Image Include="res\database-import.ico">
      <Filter>Resource Files\Icons</Filter>
    </Image>
    <Image Include="res\dependencies.ico">
      <Filter>Resource Files\Icons</Filter>
    </Image>
    <Image Include="res\dll.ico">
      <Filter>Resource Files\Icons</Filter>
    </Image>
    <Image Include="res\info.ico">
      <Filter>Resource Files\Icons</Filter>
    </Image>
    <Image Include="res\method-export.ico">
      <Filter>Resource Files\Icons</Filter>
    </Image>
    <Image Include="res\method-import.ico">
      <Filter>Resource Files\Icons</Filter>
    </Image>
    <Image Include="res\open.ico">
      <Filter>Resource Files\Icons</Filter>
    </Image>
    <Image Include="res\pin_blue.ico">
      <Filter>Resource Files\Icons</Filter>
    </Image>
    <Image Include="res\resources.ico">
      <Filter>Resource Files\Icons</Filter>
    </Image>
    <Image Include="res\assembly.ico">
      <Filter>Resource Files\Icons</Filter>
    </Image>
    <Image Include="res\file_dll.ico">
      <Filter>Resource Files\Icons</Filter>
    </Image>
    <Image Include="res\file_exe.ico">
      <Filter>Resource Files\Icons</Filter>
    </Image>
    <Image Include="res\folder.ico">
      <Filter>Resource Files\Icons</Filter>
    </Image>
    <Image Include="res\folder_open.ico">
      <Filter>Resource Files\Icons</Filter>
    </Image>
    <Image Include="res\library-friend.ico">
      <Filter>Resource Files\Icons</Filter>
    </Image>
    <Image Include="res\library-import.ico">
      <Filter>Resource Files\Icons</Filter>
    </Image>
    <Image Include="res\method-friend.ico">
      <Filter>Resource Files\Icons</Filter>
    </Image>
    <Image Include="res\number-1.ico">
      <Filter>Resource Files\Icons</Filter>
    </Image>
    <Image Include="res\number-2.ico">
      <Filter>Resource Files\Icons</Filter>
    </Image>
    <Image Include="res\number-4.ico">
      <Filter>Resource Files\Icons</Filter>
    </Image>
    <Image Include="res\number-8.ico">
      <Filter>Resource Files\Icons</Filter>
    </Image>
    <Image Include="res\cpu_back.ico">
      <Filter>Resource Files\Icons</Filter>
    </Image>
    <Image Include="res\headers.ico">
      <Filter>Resource Files\Icons</Filter>
    </Image>
    <Image Include="res\save.ico">
      <Filter>Resource Files\Icons</Filter>
    </Image>
    <Image Include="res\structure.ico">
      <Filter>Resource Files\Icons</Filter>
    </Image>
    <Image Include="res\zoom.ico">
      <Filter>Resource Files\Icons</Filter>
    </Image>
    <Image Include="res\component.ico">
      <Filter>Resource Files\Icons</Filter>
    </Image>
    <Image Include="res\Managed\attribute.ico">
      <Filter>Resource Files\Icons</Filter>
    </Image>
    <Image Include="res\Managed\class.ico">
      <Filter>Resource Files\Icons</Filter>
    </Image>
    <Image Include="res\Managed\delegate.ico">
      <Filter>Resource Files\Icons</Filter>
    </Image>
    <Image Include="res\Managed\enum.ico">
      <Filter>Resource Files\Icons</Filter>
    </Image>
    <Image Include="res\Managed\event.ico">
      <Filter>Resource Files\Icons</Filter>
    </Image>
    <Image Include="res\Managed\interface.ico">
      <Filter>Resource Files\Icons</Filter>
    </Image>
    <Image Include="res\window-new.ico">
      <Filter>Resource Files</Filter>
    </Image>
    <Image Include="res\close_all.ico">
      <Filter>Resource Files</Filter>
    </Image>
    <Image Include="res\delete.ico">
      <Filter>Resource Files</Filter>
    </Image>
  </ItemGroup>
  <ItemGroup>
    <None Include="packages.config" />
  </ItemGroup>
</Project>